langcode: en
status: true
dependencies:
  content:
    - 'block_content:home_page_banner_block:ccf04587-9841-40c8-9bfb-0cea75cd29da'
  module:
    - block_content
    - system
  theme:
    - demo
id: homepagebannerblock
theme: demo
region: content
weight: -11
provider: null
plugin: 'block_content:ccf04587-9841-40c8-9bfb-0cea75cd29da'
settings:
  id: 'block_content:ccf04587-9841-40c8-9bfb-0cea75cd29da'
  label: 'home page banner block '
  provider: block_content
  label_display: '0'
  status: true
  info: ''
  view_mode: full
visibility:
  request_path:
    id: request_path
    pages: '<front>'
    negate: false
    context_mapping: {  }
